
Microsoft Visual Studio Solution File, Format Version 12.00
# Visual Studio Version 17
VisualStudioVersion = 17.4.33205.214
MinimumVisualStudioVersion = 10.0.40219.1
Project("{FAE04EC0-301F-11D3-BF4B-00C04F79EFBC}") = "gyak6_portfolio", "gyak6_portfolio.csproj", "{8C6202DB-5D01-446B-9F23-EF320EEF743E}"
EndProject
Global
	GlobalSection(SolutionConfigurationPlatforms) = preSolution
		Debug|Any CPU = Debug|Any CPU
		Release|Any CPU = Release|Any CPU
	EndGlobalSection
	GlobalSection(ProjectConfigurationPlatforms) = postSolution
		{8C6202DB-5D01-446B-9F23-EF320EEF743E}.Debug|Any CPU.ActiveCfg = Debug|Any CPU
		{8C6202DB-5D01-446B-9F23-EF320EEF743E}.Debug|Any CPU.Build.0 = Debug|Any CPU
		{8C6202DB-5D01-446B-9F23-EF320EEF743E}.Release|Any CPU.ActiveCfg = Release|Any CPU
		{8C6202DB-5D01-446B-9F23-EF320EEF743E}.Release|Any CPU.Build.0 = Release|Any CPU
	EndGlobalSection
	GlobalSection(SolutionProperties) = preSolution
		HideSolutionNode = FALSE
	EndGlobalSection
	GlobalSection(ExtensibilityGlobals) = postSolution
		SolutionGuid = {3ECA2A1B-1182-4C1F-8AF6-62BB5C653566}
	EndGlobalSection
EndGlobal
