
Microsoft Visual Studio Solution File, Format Version 12.00
# Visual Studio Version 16
VisualStudioVersion = 16.0.31424.327
MinimumVisualStudioVersion = 10.0.40219.1
Project("{FAE04EC0-301F-11D3-BF4B-00C04F79EFBC}") = "feladat04", "feladat04.csproj", "{B28EFFCF-03FC-4496-B19A-D1C397AC55BE}"
EndProject
Global
	GlobalSection(SolutionConfigurationPlatforms) = preSolution
		Debug|Any CPU = Debug|Any CPU
		Release|Any CPU = Release|Any CPU
	EndGlobalSection
	GlobalSection(ProjectConfigurationPlatforms) = postSolution
		{B28EFFCF-03FC-4496-B19A-D1C397AC55BE}.Debug|Any CPU.ActiveCfg = Debug|Any CPU
		{B28EFFCF-03FC-4496-B19A-D1C397AC55BE}.Debug|Any CPU.Build.0 = Debug|Any CPU
		{B28EFFCF-03FC-4496-B19A-D1C397AC55BE}.Release|Any CPU.ActiveCfg = Release|Any CPU
		{B28EFFCF-03FC-4496-B19A-D1C397AC55BE}.Release|Any CPU.Build.0 = Release|Any CPU
	EndGlobalSection
	GlobalSection(SolutionProperties) = preSolution
		HideSolutionNode = FALSE
	EndGlobalSection
	GlobalSection(ExtensibilityGlobals) = postSolution
		SolutionGuid = {AF757582-8863-4952-A0A1-4BC816F6D777}
	EndGlobalSection
EndGlobal
